// !$*UTF8*$!
{
	archiveVersion = 1;
	classes = {
	};
	objectVersion = 77;
	objects = {

/* Begin PBXBuildFile section */
		032624F1FCBBC3C749F80E8C /* WorkoutPicker.swift in Sources */ = {isa = PBXBuildFile; fileRef = 5A8C6BE67212A4BC5615427A /* WorkoutPicker.swift */; };
		04F10DD5A824FA2698302B65 /* LiftModelContainer.swift in Sources */ = {isa = PBXBuildFile; fileRef = 16180F82202B745F16D5AF1D /* LiftModelContainer.swift */; };
		06299A9D3BF041A1A407B3DA /* TodayView.swift in Sources */ = {isa = PBXBuildFile; fileRef = D76203446BD19737B6045B12 /* TodayView.swift */; };
		1677830DEE151D1B5F3293C0 /* UndoCoordinator.swift in Sources */ = {isa = PBXBuildFile; fileRef = 77012ABD1E4322536724A076 /* UndoCoordinator.swift */; };
		1699F973C77FC2E16D0B546B /* LiftSeeder.swift in Sources */ = {isa = PBXBuildFile; fileRef = 5B22C0196A89AA9BEFF3AD41 /* LiftSeeder.swift */; };
		1BA8734D114AE46FD9F8BD7A /* TodayViewModelSetTapTests.swift in Sources */ = {isa = PBXBuildFile; fileRef = FD22B7E7137D56729AE0F36B /* TodayViewModelSetTapTests.swift */; };
		2065B1EF4D721D093BFCD799 /* HistorySectionBuilderTests.swift in Sources */ = {isa = PBXBuildFile; fileRef = 467EFDBB826FE38F6F5F199D /* HistorySectionBuilderTests.swift */; };
		2543ECFA7A45B445EC621BE4 /* LiftUITests.swift in Sources */ = {isa = PBXBuildFile; fileRef = E31664A376C2F2346FB1E9BF /* LiftUITests.swift */; };
		257390548A5ED6A08D51CDA9 /* ExerciseLogSummary.swift in Sources */ = {isa = PBXBuildFile; fileRef = B1CCCA45B223AEC19287E266 /* ExerciseLogSummary.swift */; };
		27749C2CD4321EB3E694A341 /* RestTimerOverlay.swift in Sources */ = {isa = PBXBuildFile; fileRef = BA3200F8F9E226969678C66E /* RestTimerOverlay.swift */; };
		27C040D7C53E94DC0DC0E553 /* DraftSessionFinalizeTests.swift in Sources */ = {isa = PBXBuildFile; fileRef = B914C5E795B45D6724589EE1 /* DraftSessionFinalizeTests.swift */; };
		28B5A4973A39E310EED3F72B /* DraftSessionFactoryTests.swift in Sources */ = {isa = PBXBuildFile; fileRef = D6CF4E83A2900BED7CCCAD24 /* DraftSessionFactoryTests.swift */; };
		28D4213FEF024A9879BC20AD /* ProgressionTests.swift in Sources */ = {isa = PBXBuildFile; fileRef = CB8A6FC2E056A981B33D46B1 /* ProgressionTests.swift */; };
		2CF5F0F590EAEE2E8EBA7E25 /* HistoryWorkingSetEditorSheet.swift in Sources */ = {isa = PBXBuildFile; fileRef = AB938BB0EC65C80A46577CB7 /* HistoryWorkingSetEditorSheet.swift */; };
		2E9EBF9E374E90D62D5FC2B7 /* RestTimerServiceTests.swift in Sources */ = {isa = PBXBuildFile; fileRef = AF3CC46FE32EBE7B215E38EA /* RestTimerServiceTests.swift */; };
		3BC469FDC98258B7EF447FD0 /* ModelEnums.swift in Sources */ = {isa = PBXBuildFile; fileRef = 67D2226119EB06025BD6EBF1 /* ModelEnums.swift */; };
		4730BE74E90916BB8C54DFA2 /* SettingsView.swift in Sources */ = {isa = PBXBuildFile; fileRef = 02A3BEF582AEB2792469AEF2 /* SettingsView.swift */; };
		47EF476BD570186ED5492D45 /* Progression.swift in Sources */ = {isa = PBXBuildFile; fileRef = 84254148D324D035CD6144E5 /* Progression.swift */; };
		51D1ED9E49F56FEF0A42EB09 /* DraftSessionService.swift in Sources */ = {isa = PBXBuildFile; fileRef = 6ABADBABA588081F27E7F03D /* DraftSessionService.swift */; };
		5AF552F079281932D52CF87E /* PersistenceService.swift in Sources */ = {isa = PBXBuildFile; fileRef = CD3AFB17718E3D2F3D79F000 /* PersistenceService.swift */; };
		5F6EDBB37C5BF5CA5C313043 /* ProgramModels.swift in Sources */ = {isa = PBXBuildFile; fileRef = 54A0A47A5DB667C3CBBE02FE /* ProgramModels.swift */; };
		6733FFD737E79ED1A878576F /* TodayViewModelSwitchTests.swift in Sources */ = {isa = PBXBuildFile; fileRef = 9BA3F4C942ADCBA0752759AD /* TodayViewModelSwitchTests.swift */; };
		6B1A7B64AF97C8925421429E /* DraftSessionServiceTests.swift in Sources */ = {isa = PBXBuildFile; fileRef = C173F8AA389CE9CB644AEC4D /* DraftSessionServiceTests.swift */; };
		6C6CEC4B998A82121F8F834B /* WorkoutScheduler.swift in Sources */ = {isa = PBXBuildFile; fileRef = 58D59D5F0284FAE1501D8CA3 /* WorkoutScheduler.swift */; };
		6E03C2D8AB651D2E0E42081E /* SetTapStateMachineTests.swift in Sources */ = {isa = PBXBuildFile; fileRef = 59C10CCB92E389E50428B6E1 /* SetTapStateMachineTests.swift */; };
		757BE6530C2DF9D3B5C342A0 /* EquipmentSettingsView.swift in Sources */ = {isa = PBXBuildFile; fileRef = 7C13E6614A3ACC065ECBC07A /* EquipmentSettingsView.swift */; };
		7F2FAD78D09ED34C2BD20802 /* WeightLoadingTests.swift in Sources */ = {isa = PBXBuildFile; fileRef = 5668C5D4D64E5B5529BA1178 /* WeightLoadingTests.swift */; };
		850729C01ED08163E4E5E30C /* TestHelpers.swift in Sources */ = {isa = PBXBuildFile; fileRef = E4A25FBD3F292C82F171ECFC /* TestHelpers.swift */; };
		8887D21F78FAC8F43F68AAB8 /* InvariantTests.swift in Sources */ = {isa = PBXBuildFile; fileRef = 9272D7D9AE33ABAF6EB59754 /* InvariantTests.swift */; };
		8CF2A10925D55699DDE0122E /* LocalDayTests.swift in Sources */ = {isa = PBXBuildFile; fileRef = 62F85F91F1F85D69FC4F54C6 /* LocalDayTests.swift */; };
		8E35155AE70066521364C30F /* HistorySectionBuilder.swift in Sources */ = {isa = PBXBuildFile; fileRef = 787F3048EA01D0F5C9C5F2D2 /* HistorySectionBuilder.swift */; };
		955FD9EC117745A03EAA96B2 /* WorkoutModels.swift in Sources */ = {isa = PBXBuildFile; fileRef = BFB1DACD54CB5D58B00D13FB /* WorkoutModels.swift */; };
		95E61E8ACC210A39B6C29F0C /* UndoCoordinatorTests.swift in Sources */ = {isa = PBXBuildFile; fileRef = BDEEE82375C25C28FFC4DA98 /* UndoCoordinatorTests.swift */; };
		9C7ABF7872446C163A888881 /* HistoryViewModelTests.swift in Sources */ = {isa = PBXBuildFile; fileRef = 4A03A0FB21DACACAEFB734A3 /* HistoryViewModelTests.swift */; };
		9FDC11AD8309C879B51DE30F /* TodaySetTile.swift in Sources */ = {isa = PBXBuildFile; fileRef = BEA3AC2295CDE728CF0459A7 /* TodaySetTile.swift */; };
		9FDF82A6F25EAE71A0F919D2 /* WorkoutSchedulerTests.swift in Sources */ = {isa = PBXBuildFile; fileRef = C85A8E6388DAAB82A8630DEA /* WorkoutSchedulerTests.swift */; };
		A06830E8D2CA5F289A512AC3 /* SeedingTests.swift in Sources */ = {isa = PBXBuildFile; fileRef = 7FB774771FCC1764981F1FDA /* SeedingTests.swift */; };
		A069C67F69BC97D171632D54 /* DraftReopenCoordinator.swift in Sources */ = {isa = PBXBuildFile; fileRef = 846ACF9D134336D5404B67BE /* DraftReopenCoordinator.swift */; };
		A42193910B55E41E2DA2D00E /* WarmupCalculatorTests.swift in Sources */ = {isa = PBXBuildFile; fileRef = 59AE8C38E61C9C2B3F774D79 /* WarmupCalculatorTests.swift */; };
		A4E7F8C2DD460C862A7FEA6C /* DraftReopenCoordinatorTests.swift in Sources */ = {isa = PBXBuildFile; fileRef = B709719D731AE2F68175EDD9 /* DraftReopenCoordinatorTests.swift */; };
		A519E1B768850AECEB52D950 /* DraftSessionFactory.swift in Sources */ = {isa = PBXBuildFile; fileRef = 724C28029DCBE10D147DE1D1 /* DraftSessionFactory.swift */; };
		A8BB8CEDC7071583D20DC0BA /* LocalDay.swift in Sources */ = {isa = PBXBuildFile; fileRef = 9C0698BB112A6E99AFE3F8BC /* LocalDay.swift */; };
		AEF9A03B7BEC39506D66C3E3 /* TodayExerciseCard.swift in Sources */ = {isa = PBXBuildFile; fileRef = 225ED958B3478D6184903C1F /* TodayExerciseCard.swift */; };
		AF470BCC2D9F0303C389B60E /* RestTimerService.swift in Sources */ = {isa = PBXBuildFile; fileRef = CC906D1831CA60FA5D8B5417 /* RestTimerService.swift */; };
		B60E54C6C6C0EA508117455C /* AppEnvironment.swift in Sources */ = {isa = PBXBuildFile; fileRef = 1B4E0C99CB8E9D2898981A06 /* AppEnvironment.swift */; };
		BB7A83DA439167429C620798 /* TodayViewModelTests.swift in Sources */ = {isa = PBXBuildFile; fileRef = 916972C7CA250F6075D00080 /* TodayViewModelTests.swift */; };
		BC63597ADCFC6732FBB69706 /* ConfettiOverlay.swift in Sources */ = {isa = PBXBuildFile; fileRef = F783AA6E6CDCB807979A40E2 /* ConfettiOverlay.swift */; };
		C899D8A828BEB7B660E6BDA8 /* NotificationAuthorizationCoordinator.swift in Sources */ = {isa = PBXBuildFile; fileRef = 2D24718581B2427148674CDB /* NotificationAuthorizationCoordinator.swift */; };
		D72E7666D9216B0190744C69 /* SetTapStateMachine.swift in Sources */ = {isa = PBXBuildFile; fileRef = EDE11F6602FA9991A6FF2967 /* SetTapStateMachine.swift */; };
		D7916B3FC47853A0E7763618 /* ExerciseSettingsView.swift in Sources */ = {isa = PBXBuildFile; fileRef = 6DB784BD32C057F0C05A482C /* ExerciseSettingsView.swift */; };
		DA648B4EECCD573D3AA62E79 /* PlateCalculatorSheet.swift in Sources */ = {isa = PBXBuildFile; fileRef = 00EDFE79ED1560BE3F4E03D6 /* PlateCalculatorSheet.swift */; };
		DBA95CE115704767A9E70B64 /* WarmupCalculator.swift in Sources */ = {isa = PBXBuildFile; fileRef = 0D7BFC6516AE4A10A7A573C4 /* WarmupCalculator.swift */; };
		DD2EA39D4F00D3F1A29CB36B /* LiftTheme.swift in Sources */ = {isa = PBXBuildFile; fileRef = F79705EF3AC4FB68DF3E8E23 /* LiftTheme.swift */; };
		E1635D2D05517BCDC60DFD5D /* FirstRunWizard.swift in Sources */ = {isa = PBXBuildFile; fileRef = 800F3F989762EC3FA20378BE /* FirstRunWizard.swift */; };
		E2052C8DEC46FEB64391ED03 /* SessionDetailView.swift in Sources */ = {isa = PBXBuildFile; fileRef = 6D91F9E1682CC73DE56F5CC1 /* SessionDetailView.swift */; };
		E4056C99D64E2BDC540C7B8F /* HistorySetRow.swift in Sources */ = {isa = PBXBuildFile; fileRef = D3675A49DCFF3078F09D1C02 /* HistorySetRow.swift */; };
		E7774E30A849D203263133EC /* SettingsViewModel.swift in Sources */ = {isa = PBXBuildFile; fileRef = 92DD57EDC737AAA74855796C /* SettingsViewModel.swift */; };
		E813D61159D38DE87F6D3DBC /* PreviewSupport.swift in Sources */ = {isa = PBXBuildFile; fileRef = BDDE3271456C3F548F9FCC8B /* PreviewSupport.swift */; };
		ED1EA08F261D36A922908829 /* Assets.xcassets in Resources */ = {isa = PBXBuildFile; fileRef = 761E996C2F85C74599E4B79E /* Assets.xcassets */; };
		EF8CD76C4B413CB6D63A0EBD /* LiftApp.swift in Sources */ = {isa = PBXBuildFile; fileRef = 22981D9EA5B338D2E9E3C194 /* LiftApp.swift */; };
		EF9BF9E4C64D6B544C4D8D75 /* TodayViewModel.swift in Sources */ = {isa = PBXBuildFile; fileRef = 74B9EDBB76D108979AF7414D /* TodayViewModel.swift */; };
		F181C13E70DC9697D9322425 /* LiftSchema.swift in Sources */ = {isa = PBXBuildFile; fileRef = 1EB041F58C36E60D35F3A8DA /* LiftSchema.swift */; };
		F31A874566103581665BDFA6 /* User.swift in Sources */ = {isa = PBXBuildFile; fileRef = 4913119B91CF5611AD6E4046 /* User.swift */; };
		F507F33986C53EC43C43576F /* HistoryView.swift in Sources */ = {isa = PBXBuildFile; fileRef = C950E2060862743F1202BB5D /* HistoryView.swift */; };
		F51C5BDE42CF097014EBA2A9 /* WeightLoading.swift in Sources */ = {isa = PBXBuildFile; fileRef = 503164419B4BB32A2E596A0A /* WeightLoading.swift */; };
		F5497EA504E185BFF91368D2 /* HistoryViewModel.swift in Sources */ = {isa = PBXBuildFile; fileRef = B3AF1134F2958D959CCC3E28 /* HistoryViewModel.swift */; };
		F9EE758C6E1D704BDD3A18C0 /* RootTabView.swift in Sources */ = {isa = PBXBuildFile; fileRef = 60FB56548A08EED9E12F2F39 /* RootTabView.swift */; };
		FA4E0F3E502A3BC46C155DFD /* SettingsViewModelTests.swift in Sources */ = {isa = PBXBuildFile; fileRef = BE15DCBF10669C3A2E4257EB /* SettingsViewModelTests.swift */; };
/* End PBXBuildFile section */

/* Begin PBXContainerItemProxy section */
		0B86917212DF6BCD99D91640 /* PBXContainerItemProxy */ = {
			isa = PBXContainerItemProxy;
			containerPortal = AB48DC20CF5F6A71818163A7 /* Project object */;
			proxyType = 1;
			remoteGlobalIDString = 8CF39992B376D5973D0DAE76;
			remoteInfo = Lift;
		};
		6A268559FF55D95005981F83 /* PBXContainerItemProxy */ = {
			isa = PBXContainerItemProxy;
			containerPortal = AB48DC20CF5F6A71818163A7 /* Project object */;
			proxyType = 1;
			remoteGlobalIDString = 8CF39992B376D5973D0DAE76;
			remoteInfo = Lift;
		};
/* End PBXContainerItemProxy section */

/* Begin PBXFileReference section */
		00EDFE79ED1560BE3F4E03D6 /* PlateCalculatorSheet.swift */ = {isa = PBXFileReference; lastKnownFileType = sourcecode.swift; path = PlateCalculatorSheet.swift; sourceTree = "<group>"; };
		02A3BEF582AEB2792469AEF2 /* SettingsView.swift */ = {isa = PBXFileReference; lastKnownFileType = sourcecode.swift; path = SettingsView.swift; sourceTree = "<group>"; };
		0D7BFC6516AE4A10A7A573C4 /* WarmupCalculator.swift */ = {isa = PBXFileReference; lastKnownFileType = sourcecode.swift; path = WarmupCalculator.swift; sourceTree = "<group>"; };
		16180F82202B745F16D5AF1D /* LiftModelContainer.swift */ = {isa = PBXFileReference; lastKnownFileType = sourcecode.swift; path = LiftModelContainer.swift; sourceTree = "<group>"; };
		1B4E0C99CB8E9D2898981A06 /* AppEnvironment.swift */ = {isa = PBXFileReference; lastKnownFileType = sourcecode.swift; path = AppEnvironment.swift; sourceTree = "<group>"; };
		1EB041F58C36E60D35F3A8DA /* LiftSchema.swift */ = {isa = PBXFileReference; lastKnownFileType = sourcecode.swift; path = LiftSchema.swift; sourceTree = "<group>"; };
		225ED958B3478D6184903C1F /* TodayExerciseCard.swift */ = {isa = PBXFileReference; lastKnownFileType = sourcecode.swift; path = TodayExerciseCard.swift; sourceTree = "<group>"; };
		22981D9EA5B338D2E9E3C194 /* LiftApp.swift */ = {isa = PBXFileReference; lastKnownFileType = sourcecode.swift; path = LiftApp.swift; sourceTree = "<group>"; };
		22A593B939534F5A21E30958 /* Info.plist */ = {isa = PBXFileReference; lastKnownFileType = text.plist; path = Info.plist; sourceTree = "<group>"; };
		22AD59C08B881C82D9B07B88 /* Lift.app */ = {isa = PBXFileReference; includeInIndex = 0; lastKnownFileType = wrapper.application; path = Lift.app; sourceTree = BUILT_PRODUCTS_DIR; };
		2D24718581B2427148674CDB /* NotificationAuthorizationCoordinator.swift */ = {isa = PBXFileReference; lastKnownFileType = sourcecode.swift; path = NotificationAuthorizationCoordinator.swift; sourceTree = "<group>"; };
		467EFDBB826FE38F6F5F199D /* HistorySectionBuilderTests.swift */ = {isa = PBXFileReference; lastKnownFileType = sourcecode.swift; path = HistorySectionBuilderTests.swift; sourceTree = "<group>"; };
		4913119B91CF5611AD6E4046 /* User.swift */ = {isa = PBXFileReference; lastKnownFileType = sourcecode.swift; path = User.swift; sourceTree = "<group>"; };
		4A03A0FB21DACACAEFB734A3 /* HistoryViewModelTests.swift */ = {isa = PBXFileReference; lastKnownFileType = sourcecode.swift; path = HistoryViewModelTests.swift; sourceTree = "<group>"; };
		503164419B4BB32A2E596A0A /* WeightLoading.swift */ = {isa = PBXFileReference; lastKnownFileType = sourcecode.swift; path = WeightLoading.swift; sourceTree = "<group>"; };
		54A0A47A5DB667C3CBBE02FE /* ProgramModels.swift */ = {isa = PBXFileReference; lastKnownFileType = sourcecode.swift; path = ProgramModels.swift; sourceTree = "<group>"; };
		5668C5D4D64E5B5529BA1178 /* WeightLoadingTests.swift */ = {isa = PBXFileReference; lastKnownFileType = sourcecode.swift; path = WeightLoadingTests.swift; sourceTree = "<group>"; };
		58D59D5F0284FAE1501D8CA3 /* WorkoutScheduler.swift */ = {isa = PBXFileReference; lastKnownFileType = sourcecode.swift; path = WorkoutScheduler.swift; sourceTree = "<group>"; };
		59AE8C38E61C9C2B3F774D79 /* WarmupCalculatorTests.swift */ = {isa = PBXFileReference; lastKnownFileType = sourcecode.swift; path = WarmupCalculatorTests.swift; sourceTree = "<group>"; };
		59C10CCB92E389E50428B6E1 /* SetTapStateMachineTests.swift */ = {isa = PBXFileReference; lastKnownFileType = sourcecode.swift; path = SetTapStateMachineTests.swift; sourceTree = "<group>"; };
		5A8C6BE67212A4BC5615427A /* WorkoutPicker.swift */ = {isa = PBXFileReference; lastKnownFileType = sourcecode.swift; path = WorkoutPicker.swift; sourceTree = "<group>"; };
		5B22C0196A89AA9BEFF3AD41 /* LiftSeeder.swift */ = {isa = PBXFileReference; lastKnownFileType = sourcecode.swift; path = LiftSeeder.swift; sourceTree = "<group>"; };
		60FB56548A08EED9E12F2F39 /* RootTabView.swift */ = {isa = PBXFileReference; lastKnownFileType = sourcecode.swift; path = RootTabView.swift; sourceTree = "<group>"; };
		62F85F91F1F85D69FC4F54C6 /* LocalDayTests.swift */ = {isa = PBXFileReference; lastKnownFileType = sourcecode.swift; path = LocalDayTests.swift; sourceTree = "<group>"; };
		67D2226119EB06025BD6EBF1 /* ModelEnums.swift */ = {isa = PBXFileReference; lastKnownFileType = sourcecode.swift; path = ModelEnums.swift; sourceTree = "<group>"; };
		6ABADBABA588081F27E7F03D /* DraftSessionService.swift */ = {isa = PBXFileReference; lastKnownFileType = sourcecode.swift; path = DraftSessionService.swift; sourceTree = "<group>"; };
		6D91F9E1682CC73DE56F5CC1 /* SessionDetailView.swift */ = {isa = PBXFileReference; lastKnownFileType = sourcecode.swift; path = SessionDetailView.swift; sourceTree = "<group>"; };
		6DB784BD32C057F0C05A482C /* ExerciseSettingsView.swift */ = {isa = PBXFileReference; lastKnownFileType = sourcecode.swift; path = ExerciseSettingsView.swift; sourceTree = "<group>"; };
		724C28029DCBE10D147DE1D1 /* DraftSessionFactory.swift */ = {isa = PBXFileReference; lastKnownFileType = sourcecode.swift; path = DraftSessionFactory.swift; sourceTree = "<group>"; };
		74B9EDBB76D108979AF7414D /* TodayViewModel.swift */ = {isa = PBXFileReference; lastKnownFileType = sourcecode.swift; path = TodayViewModel.swift; sourceTree = "<group>"; };
		761E996C2F85C74599E4B79E /* Assets.xcassets */ = {isa = PBXFileReference; lastKnownFileType = folder.assetcatalog; path = Assets.xcassets; sourceTree = "<group>"; };
		77012ABD1E4322536724A076 /* UndoCoordinator.swift */ = {isa = PBXFileReference; lastKnownFileType = sourcecode.swift; path = UndoCoordinator.swift; sourceTree = "<group>"; };
		787F3048EA01D0F5C9C5F2D2 /* HistorySectionBuilder.swift */ = {isa = PBXFileReference; lastKnownFileType = sourcecode.swift; path = HistorySectionBuilder.swift; sourceTree = "<group>"; };
		7C13E6614A3ACC065ECBC07A /* EquipmentSettingsView.swift */ = {isa = PBXFileReference; lastKnownFileType = sourcecode.swift; path = EquipmentSettingsView.swift; sourceTree = "<group>"; };
		7FB774771FCC1764981F1FDA /* SeedingTests.swift */ = {isa = PBXFileReference; lastKnownFileType = sourcecode.swift; path = SeedingTests.swift; sourceTree = "<group>"; };
		800F3F989762EC3FA20378BE /* FirstRunWizard.swift */ = {isa = PBXFileReference; lastKnownFileType = sourcecode.swift; path = FirstRunWizard.swift; sourceTree = "<group>"; };
		84254148D324D035CD6144E5 /* Progression.swift */ = {isa = PBXFileReference; lastKnownFileType = sourcecode.swift; path = Progression.swift; sourceTree = "<group>"; };
		846ACF9D134336D5404B67BE /* DraftReopenCoordinator.swift */ = {isa = PBXFileReference; lastKnownFileType = sourcecode.swift; path = DraftReopenCoordinator.swift; sourceTree = "<group>"; };
		916972C7CA250F6075D00080 /* TodayViewModelTests.swift */ = {isa = PBXFileReference; lastKnownFileType = sourcecode.swift; path = TodayViewModelTests.swift; sourceTree = "<group>"; };
		9272D7D9AE33ABAF6EB59754 /* InvariantTests.swift */ = {isa = PBXFileReference; lastKnownFileType = sourcecode.swift; path = InvariantTests.swift; sourceTree = "<group>"; };
		92DD57EDC737AAA74855796C /* SettingsViewModel.swift */ = {isa = PBXFileReference; lastKnownFileType = sourcecode.swift; path = SettingsViewModel.swift; sourceTree = "<group>"; };
		9BA3F4C942ADCBA0752759AD /* TodayViewModelSwitchTests.swift */ = {isa = PBXFileReference; lastKnownFileType = sourcecode.swift; path = TodayViewModelSwitchTests.swift; sourceTree = "<group>"; };
		9C0698BB112A6E99AFE3F8BC /* LocalDay.swift */ = {isa = PBXFileReference; lastKnownFileType = sourcecode.swift; path = LocalDay.swift; sourceTree = "<group>"; };
		AB938BB0EC65C80A46577CB7 /* HistoryWorkingSetEditorSheet.swift */ = {isa = PBXFileReference; lastKnownFileType = sourcecode.swift; path = HistoryWorkingSetEditorSheet.swift; sourceTree = "<group>"; };
		AF3CC46FE32EBE7B215E38EA /* RestTimerServiceTests.swift */ = {isa = PBXFileReference; lastKnownFileType = sourcecode.swift; path = RestTimerServiceTests.swift; sourceTree = "<group>"; };
		B1CCCA45B223AEC19287E266 /* ExerciseLogSummary.swift */ = {isa = PBXFileReference; lastKnownFileType = sourcecode.swift; path = ExerciseLogSummary.swift; sourceTree = "<group>"; };
		B3AF1134F2958D959CCC3E28 /* HistoryViewModel.swift */ = {isa = PBXFileReference; lastKnownFileType = sourcecode.swift; path = HistoryViewModel.swift; sourceTree = "<group>"; };
		B4298D96C4EEA93C6A209BD5 /* Info.plist */ = {isa = PBXFileReference; lastKnownFileType = text.plist; path = Info.plist; sourceTree = "<group>"; };
		B709719D731AE2F68175EDD9 /* DraftReopenCoordinatorTests.swift */ = {isa = PBXFileReference; lastKnownFileType = sourcecode.swift; path = DraftReopenCoordinatorTests.swift; sourceTree = "<group>"; };
		B914C5E795B45D6724589EE1 /* DraftSessionFinalizeTests.swift */ = {isa = PBXFileReference; lastKnownFileType = sourcecode.swift; path = DraftSessionFinalizeTests.swift; sourceTree = "<group>"; };
		BA3200F8F9E226969678C66E /* RestTimerOverlay.swift */ = {isa = PBXFileReference; lastKnownFileType = sourcecode.swift; path = RestTimerOverlay.swift; sourceTree = "<group>"; };
		BC38F9ABE3F984EDCCC5927B /* README.md */ = {isa = PBXFileReference; lastKnownFileType = net.daringfireball.markdown; path = README.md; sourceTree = "<group>"; };
		BDDE3271456C3F548F9FCC8B /* PreviewSupport.swift */ = {isa = PBXFileReference; lastKnownFileType = sourcecode.swift; path = PreviewSupport.swift; sourceTree = "<group>"; };
		BDEEE82375C25C28FFC4DA98 /* UndoCoordinatorTests.swift */ = {isa = PBXFileReference; lastKnownFileType = sourcecode.swift; path = UndoCoordinatorTests.swift; sourceTree = "<group>"; };
		BE15DCBF10669C3A2E4257EB /* SettingsViewModelTests.swift */ = {isa = PBXFileReference; lastKnownFileType = sourcecode.swift; path = SettingsViewModelTests.swift; sourceTree = "<group>"; };
		BEA3AC2295CDE728CF0459A7 /* TodaySetTile.swift */ = {isa = PBXFileReference; lastKnownFileType = sourcecode.swift; path = TodaySetTile.swift; sourceTree = "<group>"; };
		BFB1DACD54CB5D58B00D13FB /* WorkoutModels.swift */ = {isa = PBXFileReference; lastKnownFileType = sourcecode.swift; path = WorkoutModels.swift; sourceTree = "<group>"; };
		C173F8AA389CE9CB644AEC4D /* DraftSessionServiceTests.swift */ = {isa = PBXFileReference; lastKnownFileType = sourcecode.swift; path = DraftSessionServiceTests.swift; sourceTree = "<group>"; };
		C85A8E6388DAAB82A8630DEA /* WorkoutSchedulerTests.swift */ = {isa = PBXFileReference; lastKnownFileType = sourcecode.swift; path = WorkoutSchedulerTests.swift; sourceTree = "<group>"; };
		C950E2060862743F1202BB5D /* HistoryView.swift */ = {isa = PBXFileReference; lastKnownFileType = sourcecode.swift; path = HistoryView.swift; sourceTree = "<group>"; };
		CB8A6FC2E056A981B33D46B1 /* ProgressionTests.swift */ = {isa = PBXFileReference; lastKnownFileType = sourcecode.swift; path = ProgressionTests.swift; sourceTree = "<group>"; };
		CC906D1831CA60FA5D8B5417 /* RestTimerService.swift */ = {isa = PBXFileReference; lastKnownFileType = sourcecode.swift; path = RestTimerService.swift; sourceTree = "<group>"; };
		CD3AFB17718E3D2F3D79F000 /* PersistenceService.swift */ = {isa = PBXFileReference; lastKnownFileType = sourcecode.swift; path = PersistenceService.swift; sourceTree = "<group>"; };
		CD4B5AA41307655CB82630B9 /* .gitignore */ = {isa = PBXFileReference; path = .gitignore; sourceTree = "<group>"; };
		D155E775228C980ACE9CB8FB /* Info.plist */ = {isa = PBXFileReference; lastKnownFileType = text.plist; path = Info.plist; sourceTree = "<group>"; };
		D3675A49DCFF3078F09D1C02 /* HistorySetRow.swift */ = {isa = PBXFileReference; lastKnownFileType = sourcecode.swift; path = HistorySetRow.swift; sourceTree = "<group>"; };
		D670AB099D3E06A58501162F /* LiftUITests.xctest */ = {isa = PBXFileReference; includeInIndex = 0; lastKnownFileType = wrapper.cfbundle; path = LiftUITests.xctest; sourceTree = BUILT_PRODUCTS_DIR; };
		D6CF4E83A2900BED7CCCAD24 /* DraftSessionFactoryTests.swift */ = {isa = PBXFileReference; lastKnownFileType = sourcecode.swift; path = DraftSessionFactoryTests.swift; sourceTree = "<group>"; };
		D76203446BD19737B6045B12 /* TodayView.swift */ = {isa = PBXFileReference; lastKnownFileType = sourcecode.swift; path = TodayView.swift; sourceTree = "<group>"; };
		E31664A376C2F2346FB1E9BF /* LiftUITests.swift */ = {isa = PBXFileReference; lastKnownFileType = sourcecode.swift; path = LiftUITests.swift; sourceTree = "<group>"; };
		E4A25FBD3F292C82F171ECFC /* TestHelpers.swift */ = {isa = PBXFileReference; lastKnownFileType = sourcecode.swift; path = TestHelpers.swift; sourceTree = "<group>"; };
		EDE11F6602FA9991A6FF2967 /* SetTapStateMachine.swift */ = {isa = PBXFileReference; lastKnownFileType = sourcecode.swift; path = SetTapStateMachine.swift; sourceTree = "<group>"; };
		F2DD1C4A1CB233299793CEB6 /* LiftTests.xctest */ = {isa = PBXFileReference; includeInIndex = 0; lastKnownFileType = wrapper.cfbundle; path = LiftTests.xctest; sourceTree = BUILT_PRODUCTS_DIR; };
		F783AA6E6CDCB807979A40E2 /* ConfettiOverlay.swift */ = {isa = PBXFileReference; lastKnownFileType = sourcecode.swift; path = ConfettiOverlay.swift; sourceTree = "<group>"; };
		F79705EF3AC4FB68DF3E8E23 /* LiftTheme.swift */ = {isa = PBXFileReference; lastKnownFileType = sourcecode.swift; path = LiftTheme.swift; sourceTree = "<group>"; };
		FD22B7E7137D56729AE0F36B /* TodayViewModelSetTapTests.swift */ = {isa = PBXFileReference; lastKnownFileType = sourcecode.swift; path = TodayViewModelSetTapTests.swift; sourceTree = "<group>"; };
/* End PBXFileReference section */

/* Begin PBXGroup section */
		04DB25FBF5794F2278B3BB5D /* Today */ = {
			isa = PBXGroup;
			children = (
				F783AA6E6CDCB807979A40E2 /* ConfettiOverlay.swift */,
				00EDFE79ED1560BE3F4E03D6 /* PlateCalculatorSheet.swift */,
				BA3200F8F9E226969678C66E /* RestTimerOverlay.swift */,
				225ED958B3478D6184903C1F /* TodayExerciseCard.swift */,
				BEA3AC2295CDE728CF0459A7 /* TodaySetTile.swift */,
				D76203446BD19737B6045B12 /* TodayView.swift */,
				74B9EDBB76D108979AF7414D /* TodayViewModel.swift */,
				77012ABD1E4322536724A076 /* UndoCoordinator.swift */,
				5A8C6BE67212A4BC5615427A /* WorkoutPicker.swift */,
			);
			path = Today;
			sourceTree = "<group>";
		};
		05531608ADF5AA9AC9179EB1 /* Lift */ = {
			isa = PBXGroup;
			children = (
				A098E400B65A5ED73B21D57A /* Logic */,
				E165F74B2B2009FD0FEE9490 /* Models */,
				47F6EBBCBA756D9528DBAE2A /* Onboarding */,
				464779B92BEF4656C630E35C /* Persistence */,
				AB705F3C505C4A7107003B95 /* Theme */,
				30182AC3E3F24E9B1A50A66E /* Views */,
				761E996C2F85C74599E4B79E /* Assets.xcassets */,
				B4298D96C4EEA93C6A209BD5 /* Info.plist */,
				22981D9EA5B338D2E9E3C194 /* LiftApp.swift */,
			);
			path = Lift;
			sourceTree = "<group>";
		};
		297396C6518141C74155874B /* Settings */ = {
			isa = PBXGroup;
			children = (
				7C13E6614A3ACC065ECBC07A /* EquipmentSettingsView.swift */,
				6DB784BD32C057F0C05A482C /* ExerciseSettingsView.swift */,
				02A3BEF582AEB2792469AEF2 /* SettingsView.swift */,
				92DD57EDC737AAA74855796C /* SettingsViewModel.swift */,
			);
			path = Settings;
			sourceTree = "<group>";
		};
		30182AC3E3F24E9B1A50A66E /* Views */ = {
			isa = PBXGroup;
			children = (
				9A23884854416D092D1A28BC /* History */,
				297396C6518141C74155874B /* Settings */,
				04DB25FBF5794F2278B3BB5D /* Today */,
				1B4E0C99CB8E9D2898981A06 /* AppEnvironment.swift */,
				846ACF9D134336D5404B67BE /* DraftReopenCoordinator.swift */,
				BDDE3271456C3F548F9FCC8B /* PreviewSupport.swift */,
				60FB56548A08EED9E12F2F39 /* RootTabView.swift */,
			);
			path = Views;
			sourceTree = "<group>";
		};
		464779B92BEF4656C630E35C /* Persistence */ = {
			isa = PBXGroup;
			children = (
				6ABADBABA588081F27E7F03D /* DraftSessionService.swift */,
				16180F82202B745F16D5AF1D /* LiftModelContainer.swift */,
				1EB041F58C36E60D35F3A8DA /* LiftSchema.swift */,
				5B22C0196A89AA9BEFF3AD41 /* LiftSeeder.swift */,
				2D24718581B2427148674CDB /* NotificationAuthorizationCoordinator.swift */,
				CD3AFB17718E3D2F3D79F000 /* PersistenceService.swift */,
			);
			path = Persistence;
			sourceTree = "<group>";
		};
		47F6EBBCBA756D9528DBAE2A /* Onboarding */ = {
			isa = PBXGroup;
			children = (
				800F3F989762EC3FA20378BE /* FirstRunWizard.swift */,
			);
			path = Onboarding;
			sourceTree = "<group>";
		};
		9A23884854416D092D1A28BC /* History */ = {
			isa = PBXGroup;
			children = (
				D3675A49DCFF3078F09D1C02 /* HistorySetRow.swift */,
				C950E2060862743F1202BB5D /* HistoryView.swift */,
				B3AF1134F2958D959CCC3E28 /* HistoryViewModel.swift */,
				AB938BB0EC65C80A46577CB7 /* HistoryWorkingSetEditorSheet.swift */,
				6D91F9E1682CC73DE56F5CC1 /* SessionDetailView.swift */,
			);
			path = History;
			sourceTree = "<group>";
		};
		9C54D096C204F264A7198D12 /* LiftUITests */ = {
			isa = PBXGroup;
			children = (
				D155E775228C980ACE9CB8FB /* Info.plist */,
				E31664A376C2F2346FB1E9BF /* LiftUITests.swift */,
			);
			path = LiftUITests;
			sourceTree = "<group>";
		};
		A098E400B65A5ED73B21D57A /* Logic */ = {
			isa = PBXGroup;
			children = (
				724C28029DCBE10D147DE1D1 /* DraftSessionFactory.swift */,
				B1CCCA45B223AEC19287E266 /* ExerciseLogSummary.swift */,
				787F3048EA01D0F5C9C5F2D2 /* HistorySectionBuilder.swift */,
				9C0698BB112A6E99AFE3F8BC /* LocalDay.swift */,
				84254148D324D035CD6144E5 /* Progression.swift */,
				CC906D1831CA60FA5D8B5417 /* RestTimerService.swift */,
				EDE11F6602FA9991A6FF2967 /* SetTapStateMachine.swift */,
				0D7BFC6516AE4A10A7A573C4 /* WarmupCalculator.swift */,
				503164419B4BB32A2E596A0A /* WeightLoading.swift */,
				58D59D5F0284FAE1501D8CA3 /* WorkoutScheduler.swift */,
			);
			path = Logic;
			sourceTree = "<group>";
		};
		A19A6EB7FC1B6FF035F517FF /* Products */ = {
			isa = PBXGroup;
			children = (
				22AD59C08B881C82D9B07B88 /* Lift.app */,
				F2DD1C4A1CB233299793CEB6 /* LiftTests.xctest */,
				D670AB099D3E06A58501162F /* LiftUITests.xctest */,
			);
			name = Products;
			sourceTree = "<group>";
		};
		AB705F3C505C4A7107003B95 /* Theme */ = {
			isa = PBXGroup;
			children = (
				F79705EF3AC4FB68DF3E8E23 /* LiftTheme.swift */,
			);
			path = Theme;
			sourceTree = "<group>";
		};
		C0E1D6A23B31886DA1FEFA77 = {
			isa = PBXGroup;
			children = (
				05531608ADF5AA9AC9179EB1 /* Lift */,
				F9107DDBBD671D9DAE515879 /* LiftTests */,
				9C54D096C204F264A7198D12 /* LiftUITests */,
				CD4B5AA41307655CB82630B9 /* .gitignore */,
				BC38F9ABE3F984EDCCC5927B /* README.md */,
				A19A6EB7FC1B6FF035F517FF /* Products */,
			);
			sourceTree = "<group>";
		};
		E165F74B2B2009FD0FEE9490 /* Models */ = {
			isa = PBXGroup;
			children = (
				67D2226119EB06025BD6EBF1 /* ModelEnums.swift */,
				54A0A47A5DB667C3CBBE02FE /* ProgramModels.swift */,
				4913119B91CF5611AD6E4046 /* User.swift */,
				BFB1DACD54CB5D58B00D13FB /* WorkoutModels.swift */,
			);
			path = Models;
			sourceTree = "<group>";
		};
		F9107DDBBD671D9DAE515879 /* LiftTests */ = {
			isa = PBXGroup;
			children = (
				B709719D731AE2F68175EDD9 /* DraftReopenCoordinatorTests.swift */,
				D6CF4E83A2900BED7CCCAD24 /* DraftSessionFactoryTests.swift */,
				B914C5E795B45D6724589EE1 /* DraftSessionFinalizeTests.swift */,
				C173F8AA389CE9CB644AEC4D /* DraftSessionServiceTests.swift */,
				467EFDBB826FE38F6F5F199D /* HistorySectionBuilderTests.swift */,
				4A03A0FB21DACACAEFB734A3 /* HistoryViewModelTests.swift */,
				22A593B939534F5A21E30958 /* Info.plist */,
				9272D7D9AE33ABAF6EB59754 /* InvariantTests.swift */,
				62F85F91F1F85D69FC4F54C6 /* LocalDayTests.swift */,
				CB8A6FC2E056A981B33D46B1 /* ProgressionTests.swift */,
				AF3CC46FE32EBE7B215E38EA /* RestTimerServiceTests.swift */,
				7FB774771FCC1764981F1FDA /* SeedingTests.swift */,
				59C10CCB92E389E50428B6E1 /* SetTapStateMachineTests.swift */,
				BE15DCBF10669C3A2E4257EB /* SettingsViewModelTests.swift */,
				E4A25FBD3F292C82F171ECFC /* TestHelpers.swift */,
				FD22B7E7137D56729AE0F36B /* TodayViewModelSetTapTests.swift */,
				9BA3F4C942ADCBA0752759AD /* TodayViewModelSwitchTests.swift */,
				916972C7CA250F6075D00080 /* TodayViewModelTests.swift */,
				BDEEE82375C25C28FFC4DA98 /* UndoCoordinatorTests.swift */,
				59AE8C38E61C9C2B3F774D79 /* WarmupCalculatorTests.swift */,
				5668C5D4D64E5B5529BA1178 /* WeightLoadingTests.swift */,
				C85A8E6388DAAB82A8630DEA /* WorkoutSchedulerTests.swift */,
			);
			path = LiftTests;
			sourceTree = "<group>";
		};
/* End PBXGroup section */

/* Begin PBXNativeTarget section */
		4014DDAF3E4B0F7F2E8A662E /* LiftUITests */ = {
			isa = PBXNativeTarget;
			buildConfigurationList = 8AE6B4CAC67DC9731B0799C8 /* Build configuration list for PBXNativeTarget "LiftUITests" */;
			buildPhases = (
				6DE9BF8042EBF77AE7DC8FCE /* Sources */,
			);
			buildRules = (
			);
			dependencies = (
				BA46B6423284CB78BB4E2C59 /* PBXTargetDependency */,
			);
			name = LiftUITests;
			packageProductDependencies = (
			);
			productName = LiftUITests;
			productReference = D670AB099D3E06A58501162F /* LiftUITests.xctest */;
			productType = "com.apple.product-type.bundle.ui-testing";
		};
		8CF39992B376D5973D0DAE76 /* Lift */ = {
			isa = PBXNativeTarget;
			buildConfigurationList = AD64F3A8E5B469EBD4ED5AE9 /* Build configuration list for PBXNativeTarget "Lift" */;
			buildPhases = (
				B3F004AB3A37B09356B25672 /* Sources */,
				D295C56CE3E2E75BF65F15D8 /* Resources */,
			);
			buildRules = (
			);
			dependencies = (
			);
			name = Lift;
			packageProductDependencies = (
			);
			productName = Lift;
			productReference = 22AD59C08B881C82D9B07B88 /* Lift.app */;
			productType = "com.apple.product-type.application";
		};
		D6DB8A350F67509CB74F4DE1 /* LiftTests */ = {
			isa = PBXNativeTarget;
			buildConfigurationList = F64FE6928D455B778207B917 /* Build configuration list for PBXNativeTarget "LiftTests" */;
			buildPhases = (
				8D3B23DF59BDD7870C79BECD /* Sources */,
			);
			buildRules = (
			);
			dependencies = (
				A79D385FA5D1D44075D736D5 /* PBXTargetDependency */,
			);
			name = LiftTests;
			packageProductDependencies = (
			);
			productName = LiftTests;
			productReference = F2DD1C4A1CB233299793CEB6 /* LiftTests.xctest */;
			productType = "com.apple.product-type.bundle.unit-test";
		};
/* End PBXNativeTarget section */

/* Begin PBXProject section */
		AB48DC20CF5F6A71818163A7 /* Project object */ = {
			isa = PBXProject;
			attributes = {
				BuildIndependentTargetsInParallel = YES;
				LastUpgradeCheck = 1640;
				TargetAttributes = {
					4014DDAF3E4B0F7F2E8A662E = {
						DevelopmentTeam = "";
						ProvisioningStyle = Automatic;
						TestTargetID = 8CF39992B376D5973D0DAE76;
					};
					8CF39992B376D5973D0DAE76 = {
						DevelopmentTeam = "";
						ProvisioningStyle = Automatic;
					};
					D6DB8A350F67509CB74F4DE1 = {
						DevelopmentTeam = "";
						ProvisioningStyle = Automatic;
					};
				};
			};
			buildConfigurationList = A16F62BB9110C0483E63F3A2 /* Build configuration list for PBXProject "Lift" */;
			developmentRegion = en;
			hasScannedForEncodings = 0;
			knownRegions = (
				Base,
				en,
			);
			mainGroup = C0E1D6A23B31886DA1FEFA77;
			minimizedProjectReferenceProxies = 1;
			preferredProjectObjectVersion = 77;
			productRefGroup = A19A6EB7FC1B6FF035F517FF /* Products */;
			projectDirPath = "";
			projectRoot = "";
			targets = (
				8CF39992B376D5973D0DAE76 /* Lift */,
				D6DB8A350F67509CB74F4DE1 /* LiftTests */,
				4014DDAF3E4B0F7F2E8A662E /* LiftUITests */,
			);
		};
/* End PBXProject section */

/* Begin PBXResourcesBuildPhase section */
		D295C56CE3E2E75BF65F15D8 /* Resources */ = {
			isa = PBXResourcesBuildPhase;
			buildActionMask = 2147483647;
			files = (
				ED1EA08F261D36A922908829 /* Assets.xcassets in Resources */,
			);
			runOnlyForDeploymentPostprocessing = 0;
		};
/* End PBXResourcesBuildPhase section */

/* Begin PBXSourcesBuildPhase section */
		6DE9BF8042EBF77AE7DC8FCE /* Sources */ = {
			isa = PBXSourcesBuildPhase;
			buildActionMask = 2147483647;
			files = (
				2543ECFA7A45B445EC621BE4 /* LiftUITests.swift in Sources */,
			);
			runOnlyForDeploymentPostprocessing = 0;
		};
		8D3B23DF59BDD7870C79BECD /* Sources */ = {
			isa = PBXSourcesBuildPhase;
			buildActionMask = 2147483647;
			files = (
				A4E7F8C2DD460C862A7FEA6C /* DraftReopenCoordinatorTests.swift in Sources */,
				28B5A4973A39E310EED3F72B /* DraftSessionFactoryTests.swift in Sources */,
				27C040D7C53E94DC0DC0E553 /* DraftSessionFinalizeTests.swift in Sources */,
				6B1A7B64AF97C8925421429E /* DraftSessionServiceTests.swift in Sources */,
				2065B1EF4D721D093BFCD799 /* HistorySectionBuilderTests.swift in Sources */,
				9C7ABF7872446C163A888881 /* HistoryViewModelTests.swift in Sources */,
				8887D21F78FAC8F43F68AAB8 /* InvariantTests.swift in Sources */,
				8CF2A10925D55699DDE0122E /* LocalDayTests.swift in Sources */,
				28D4213FEF024A9879BC20AD /* ProgressionTests.swift in Sources */,
				2E9EBF9E374E90D62D5FC2B7 /* RestTimerServiceTests.swift in Sources */,
				A06830E8D2CA5F289A512AC3 /* SeedingTests.swift in Sources */,
				6E03C2D8AB651D2E0E42081E /* SetTapStateMachineTests.swift in Sources */,
				FA4E0F3E502A3BC46C155DFD /* SettingsViewModelTests.swift in Sources */,
				850729C01ED08163E4E5E30C /* TestHelpers.swift in Sources */,
				1BA8734D114AE46FD9F8BD7A /* TodayViewModelSetTapTests.swift in Sources */,
				6733FFD737E79ED1A878576F /* TodayViewModelSwitchTests.swift in Sources */,
				BB7A83DA439167429C620798 /* TodayViewModelTests.swift in Sources */,
				95E61E8ACC210A39B6C29F0C /* UndoCoordinatorTests.swift in Sources */,
				A42193910B55E41E2DA2D00E /* WarmupCalculatorTests.swift in Sources */,
				7F2FAD78D09ED34C2BD20802 /* WeightLoadingTests.swift in Sources */,
				9FDF82A6F25EAE71A0F919D2 /* WorkoutSchedulerTests.swift in Sources */,
			);
			runOnlyForDeploymentPostprocessing = 0;
		};
		B3F004AB3A37B09356B25672 /* Sources */ = {
			isa = PBXSourcesBuildPhase;
			buildActionMask = 2147483647;
			files = (
				B60E54C6C6C0EA508117455C /* AppEnvironment.swift in Sources */,
				BC63597ADCFC6732FBB69706 /* ConfettiOverlay.swift in Sources */,
				A069C67F69BC97D171632D54 /* DraftReopenCoordinator.swift in Sources */,
				A519E1B768850AECEB52D950 /* DraftSessionFactory.swift in Sources */,
				51D1ED9E49F56FEF0A42EB09 /* DraftSessionService.swift in Sources */,
				757BE6530C2DF9D3B5C342A0 /* EquipmentSettingsView.swift in Sources */,
				257390548A5ED6A08D51CDA9 /* ExerciseLogSummary.swift in Sources */,
				D7916B3FC47853A0E7763618 /* ExerciseSettingsView.swift in Sources */,
				E1635D2D05517BCDC60DFD5D /* FirstRunWizard.swift in Sources */,
				8E35155AE70066521364C30F /* HistorySectionBuilder.swift in Sources */,
				E4056C99D64E2BDC540C7B8F /* HistorySetRow.swift in Sources */,
				F507F33986C53EC43C43576F /* HistoryView.swift in Sources */,
				F5497EA504E185BFF91368D2 /* HistoryViewModel.swift in Sources */,
				2CF5F0F590EAEE2E8EBA7E25 /* HistoryWorkingSetEditorSheet.swift in Sources */,
				EF8CD76C4B413CB6D63A0EBD /* LiftApp.swift in Sources */,
				04F10DD5A824FA2698302B65 /* LiftModelContainer.swift in Sources */,
				F181C13E70DC9697D9322425 /* LiftSchema.swift in Sources */,
				1699F973C77FC2E16D0B546B /* LiftSeeder.swift in Sources */,
				DD2EA39D4F00D3F1A29CB36B /* LiftTheme.swift in Sources */,
				A8BB8CEDC7071583D20DC0BA /* LocalDay.swift in Sources */,
				3BC469FDC98258B7EF447FD0 /* ModelEnums.swift in Sources */,
				C899D8A828BEB7B660E6BDA8 /* NotificationAuthorizationCoordinator.swift in Sources */,
				5AF552F079281932D52CF87E /* PersistenceService.swift in Sources */,
				DA648B4EECCD573D3AA62E79 /* PlateCalculatorSheet.swift in Sources */,
				E813D61159D38DE87F6D3DBC /* PreviewSupport.swift in Sources */,
				5F6EDBB37C5BF5CA5C313043 /* ProgramModels.swift in Sources */,
				47EF476BD570186ED5492D45 /* Progression.swift in Sources */,
				27749C2CD4321EB3E694A341 /* RestTimerOverlay.swift in Sources */,
				AF470BCC2D9F0303C389B60E /* RestTimerService.swift in Sources */,
				F9EE758C6E1D704BDD3A18C0 /* RootTabView.swift in Sources */,
				E2052C8DEC46FEB64391ED03 /* SessionDetailView.swift in Sources */,
				D72E7666D9216B0190744C69 /* SetTapStateMachine.swift in Sources */,
				4730BE74E90916BB8C54DFA2 /* SettingsView.swift in Sources */,
				E7774E30A849D203263133EC /* SettingsViewModel.swift in Sources */,
				AEF9A03B7BEC39506D66C3E3 /* TodayExerciseCard.swift in Sources */,
				9FDC11AD8309C879B51DE30F /* TodaySetTile.swift in Sources */,
				06299A9D3BF041A1A407B3DA /* TodayView.swift in Sources */,
				EF9BF9E4C64D6B544C4D8D75 /* TodayViewModel.swift in Sources */,
				1677830DEE151D1B5F3293C0 /* UndoCoordinator.swift in Sources */,
				F31A874566103581665BDFA6 /* User.swift in Sources */,
				DBA95CE115704767A9E70B64 /* WarmupCalculator.swift in Sources */,
				F51C5BDE42CF097014EBA2A9 /* WeightLoading.swift in Sources */,
				955FD9EC117745A03EAA96B2 /* WorkoutModels.swift in Sources */,
				032624F1FCBBC3C749F80E8C /* WorkoutPicker.swift in Sources */,
				6C6CEC4B998A82121F8F834B /* WorkoutScheduler.swift in Sources */,
			);
			runOnlyForDeploymentPostprocessing = 0;
		};
/* End PBXSourcesBuildPhase section */

/* Begin PBXTargetDependency section */
		A79D385FA5D1D44075D736D5 /* PBXTargetDependency */ = {
			isa = PBXTargetDependency;
			target = 8CF39992B376D5973D0DAE76 /* Lift */;
			targetProxy = 6A268559FF55D95005981F83 /* PBXContainerItemProxy */;
		};
		BA46B6423284CB78BB4E2C59 /* PBXTargetDependency */ = {
			isa = PBXTargetDependency;
			target = 8CF39992B376D5973D0DAE76 /* Lift */;
			targetProxy = 0B86917212DF6BCD99D91640 /* PBXContainerItemProxy */;
		};
/* End PBXTargetDependency section */

/* Begin XCBuildConfiguration section */
		32386C5840B308442D80551E /* Debug */ = {
			isa = XCBuildConfiguration;
			buildSettings = {
				BUNDLE_LOADER = "$(TEST_HOST)";
				GENERATE_INFOPLIST_FILE = NO;
				INFOPLIST_FILE = LiftTests/Info.plist;
				IPHONEOS_DEPLOYMENT_TARGET = 18.0;
				LD_RUNPATH_SEARCH_PATHS = (
					"$(inherited)",
					"@executable_path/Frameworks",
					"@loader_path/Frameworks",
				);
				PRODUCT_BUNDLE_IDENTIFIER = com.jurre.lift.tests;
				SDKROOT = iphoneos;
				SUPPORTED_PLATFORMS = "iphoneos iphonesimulator";
				SUPPORTS_MACCATALYST = NO;
				SUPPORTS_MAC_DESIGNED_FOR_IPHONE_IPAD = NO;
				SUPPORTS_XR_DESIGNED_FOR_IPHONE_IPAD = NO;
				SWIFT_STRICT_CONCURRENCY = complete;
				SWIFT_VERSION = 6.0;
				TARGETED_DEVICE_FAMILY = 1;
				TEST_HOST = "$(BUILT_PRODUCTS_DIR)/Lift.app/Lift";
			};
			name = Debug;
		};
		3AD57D9F220F0638706270A0 /* Release */ = {
			isa = XCBuildConfiguration;
			buildSettings = {
				BUNDLE_LOADER = "$(TEST_HOST)";
				GENERATE_INFOPLIST_FILE = NO;
				INFOPLIST_FILE = LiftUITests/Info.plist;
				IPHONEOS_DEPLOYMENT_TARGET = 18.0;
				LD_RUNPATH_SEARCH_PATHS = (
					"$(inherited)",
					"@executable_path/Frameworks",
					"@loader_path/Frameworks",
				);
				PRODUCT_BUNDLE_IDENTIFIER = com.jurre.lift.uitests;
				SDKROOT = iphoneos;
				SUPPORTED_PLATFORMS = "iphoneos iphonesimulator";
				SUPPORTS_MACCATALYST = NO;
				SUPPORTS_MAC_DESIGNED_FOR_IPHONE_IPAD = NO;
				SUPPORTS_XR_DESIGNED_FOR_IPHONE_IPAD = NO;
				SWIFT_STRICT_CONCURRENCY = complete;
				SWIFT_VERSION = 6.0;
				TARGETED_DEVICE_FAMILY = 1;
				TEST_TARGET_NAME = Lift;
			};
			name = Release;
		};
		722C467BF3300F36432AF5CD /* Debug */ = {
			isa = XCBuildConfiguration;
			buildSettings = {
				ALWAYS_SEARCH_USER_PATHS = NO;
				CLANG_ANALYZER_NONNULL = YES;
				CLANG_ANALYZER_NUMBER_OBJECT_CONVERSION = YES_AGGRESSIVE;
				CLANG_CXX_LANGUAGE_STANDARD = "gnu++14";
				CLANG_CXX_LIBRARY = "libc++";
				CLANG_ENABLE_MODULES = YES;
				CLANG_ENABLE_OBJC_ARC = YES;
				CLANG_ENABLE_OBJC_WEAK = YES;
				CLANG_WARN_BLOCK_CAPTURE_AUTORELEASING = YES;
				CLANG_WARN_BOOL_CONVERSION = YES;
				CLANG_WARN_COMMA = YES;
				CLANG_WARN_CONSTANT_CONVERSION = YES;
				CLANG_WARN_DEPRECATED_OBJC_IMPLEMENTATIONS = YES;
				CLANG_WARN_DIRECT_OBJC_ISA_USAGE = YES_ERROR;
				CLANG_WARN_DOCUMENTATION_COMMENTS = YES;
				CLANG_WARN_EMPTY_BODY = YES;
				CLANG_WARN_ENUM_CONVERSION = YES;
				CLANG_WARN_INFINITE_RECURSION = YES;
				CLANG_WARN_INT_CONVERSION = YES;
				CLANG_WARN_NON_LITERAL_NULL_CONVERSION = YES;
				CLANG_WARN_OBJC_IMPLICIT_RETAIN_SELF = YES;
				CLANG_WARN_OBJC_LITERAL_CONVERSION = YES;
				CLANG_WARN_OBJC_ROOT_CLASS = YES_ERROR;
				CLANG_WARN_QUOTED_INCLUDE_IN_FRAMEWORK_HEADER = YES;
				CLANG_WARN_RANGE_LOOP_ANALYSIS = YES;
				CLANG_WARN_STRICT_PROTOTYPES = YES;
				CLANG_WARN_SUSPICIOUS_MOVE = YES;
				CLANG_WARN_UNGUARDED_AVAILABILITY = YES_AGGRESSIVE;
				CLANG_WARN_UNREACHABLE_CODE = YES;
				CLANG_WARN__DUPLICATE_METHOD_MATCH = YES;
				CODE_SIGN_STYLE = Automatic;
				COPY_PHASE_STRIP = NO;
				CURRENT_PROJECT_VERSION = 1;
				DEBUG_INFORMATION_FORMAT = dwarf;
				DEVELOPMENT_TEAM = "";
				ENABLE_STRICT_OBJC_MSGSEND = YES;
				ENABLE_TESTABILITY = YES;
				GCC_C_LANGUAGE_STANDARD = gnu11;
				GCC_DYNAMIC_NO_PIC = NO;
				GCC_NO_COMMON_BLOCKS = YES;
				GCC_OPTIMIZATION_LEVEL = 0;
				GCC_PREPROCESSOR_DEFINITIONS = (
					"$(inherited)",
					"DEBUG=1",
				);
				GCC_WARN_64_TO_32_BIT_CONVERSION = YES;
				GCC_WARN_ABOUT_RETURN_TYPE = YES_ERROR;
				GCC_WARN_UNDECLARED_SELECTOR = YES;
				GCC_WARN_UNINITIALIZED_AUTOS = YES_AGGRESSIVE;
				GCC_WARN_UNUSED_FUNCTION = YES;
				GCC_WARN_UNUSED_VARIABLE = YES;
				IPHONEOS_DEPLOYMENT_TARGET = 18.0;
				MARKETING_VERSION = 1.0;
				MTL_ENABLE_DEBUG_INFO = INCLUDE_SOURCE;
				MTL_FAST_MATH = YES;
				ONLY_ACTIVE_ARCH = YES;
				PRODUCT_NAME = "$(TARGET_NAME)";
				SDKROOT = iphoneos;
				SUPPORTS_MACCATALYST = NO;
				SUPPORTS_MAC_DESIGNED_FOR_IPHONE_IPAD = NO;
				SUPPORTS_XR_DESIGNED_FOR_IPHONE_IPAD = NO;
				SWIFT_ACTIVE_COMPILATION_CONDITIONS = DEBUG;
				SWIFT_OPTIMIZATION_LEVEL = "-Onone";
				SWIFT_STRICT_CONCURRENCY = complete;
				SWIFT_VERSION = 6.0;
				TARGETED_DEVICE_FAMILY = 1;
			};
			name = Debug;
		};
		A50078EA0A7FFE7CB51AB78B /* Debug */ = {
			isa = XCBuildConfiguration;
			buildSettings = {
				ASSETCATALOG_COMPILER_APPICON_NAME = AppIcon;
				CODE_SIGN_IDENTITY = "iPhone Developer";
				INFOPLIST_FILE = Lift/Info.plist;
				INFOPLIST_KEY_UISupportedInterfaceOrientations_iPhone = UIInterfaceOrientationPortrait;
				IPHONEOS_DEPLOYMENT_TARGET = 18.0;
				LD_RUNPATH_SEARCH_PATHS = (
					"$(inherited)",
					"@executable_path/Frameworks",
				);
				PRODUCT_BUNDLE_IDENTIFIER = com.jurre.lift;
				PRODUCT_NAME = Lift;
				SDKROOT = iphoneos;
				SUPPORTED_PLATFORMS = "iphoneos iphonesimulator";
				SUPPORTS_MACCATALYST = NO;
				SUPPORTS_MAC_DESIGNED_FOR_IPHONE_IPAD = NO;
				SUPPORTS_XR_DESIGNED_FOR_IPHONE_IPAD = NO;
				SWIFT_STRICT_CONCURRENCY = complete;
				SWIFT_VERSION = 6.0;
				TARGETED_DEVICE_FAMILY = 1;
			};
			name = Debug;
		};
		AAB27F215A6E1A47D983A956 /* Release */ = {
			isa = XCBuildConfiguration;
			buildSettings = {
				ALWAYS_SEARCH_USER_PATHS = NO;
				CLANG_ANALYZER_NONNULL = YES;
				CLANG_ANALYZER_NUMBER_OBJECT_CONVERSION = YES_AGGRESSIVE;
				CLANG_CXX_LANGUAGE_STANDARD = "gnu++14";
				CLANG_CXX_LIBRARY = "libc++";
				CLANG_ENABLE_MODULES = YES;
				CLANG_ENABLE_OBJC_ARC = YES;
				CLANG_ENABLE_OBJC_WEAK = YES;
				CLANG_WARN_BLOCK_CAPTURE_AUTORELEASING = YES;
				CLANG_WARN_BOOL_CONVERSION = YES;
				CLANG_WARN_COMMA = YES;
				CLANG_WARN_CONSTANT_CONVERSION = YES;
				CLANG_WARN_DEPRECATED_OBJC_IMPLEMENTATIONS = YES;
				CLANG_WARN_DIRECT_OBJC_ISA_USAGE = YES_ERROR;
				CLANG_WARN_DOCUMENTATION_COMMENTS = YES;
				CLANG_WARN_EMPTY_BODY = YES;
				CLANG_WARN_ENUM_CONVERSION = YES;
				CLANG_WARN_INFINITE_RECURSION = YES;
				CLANG_WARN_INT_CONVERSION = YES;
				CLANG_WARN_NON_LITERAL_NULL_CONVERSION = YES;
				CLANG_WARN_OBJC_IMPLICIT_RETAIN_SELF = YES;
				CLANG_WARN_OBJC_LITERAL_CONVERSION = YES;
				CLANG_WARN_OBJC_ROOT_CLASS = YES_ERROR;
				CLANG_WARN_QUOTED_INCLUDE_IN_FRAMEWORK_HEADER = YES;
				CLANG_WARN_RANGE_LOOP_ANALYSIS = YES;
				CLANG_WARN_STRICT_PROTOTYPES = YES;
				CLANG_WARN_SUSPICIOUS_MOVE = YES;
				CLANG_WARN_UNGUARDED_AVAILABILITY = YES_AGGRESSIVE;
				CLANG_WARN_UNREACHABLE_CODE = YES;
				CLANG_WARN__DUPLICATE_METHOD_MATCH = YES;
				CODE_SIGN_STYLE = Automatic;
				COPY_PHASE_STRIP = NO;
				CURRENT_PROJECT_VERSION = 1;
				DEBUG_INFORMATION_FORMAT = "dwarf-with-dsym";
				DEVELOPMENT_TEAM = "";
				ENABLE_NS_ASSERTIONS = NO;
				ENABLE_STRICT_OBJC_MSGSEND = YES;
				GCC_C_LANGUAGE_STANDARD = gnu11;
				GCC_NO_COMMON_BLOCKS = YES;
				GCC_WARN_64_TO_32_BIT_CONVERSION = YES;
				GCC_WARN_ABOUT_RETURN_TYPE = YES_ERROR;
				GCC_WARN_UNDECLARED_SELECTOR = YES;
				GCC_WARN_UNINITIALIZED_AUTOS = YES_AGGRESSIVE;
				GCC_WARN_UNUSED_FUNCTION = YES;
				GCC_WARN_UNUSED_VARIABLE = YES;
				IPHONEOS_DEPLOYMENT_TARGET = 18.0;
				MARKETING_VERSION = 1.0;
				MTL_ENABLE_DEBUG_INFO = NO;
				MTL_FAST_MATH = YES;
				PRODUCT_NAME = "$(TARGET_NAME)";
				SDKROOT = iphoneos;
				SUPPORTS_MACCATALYST = NO;
				SUPPORTS_MAC_DESIGNED_FOR_IPHONE_IPAD = NO;
				SUPPORTS_XR_DESIGNED_FOR_IPHONE_IPAD = NO;
				SWIFT_COMPILATION_MODE = wholemodule;
				SWIFT_OPTIMIZATION_LEVEL = "-O";
				SWIFT_STRICT_CONCURRENCY = complete;
				SWIFT_VERSION = 6.0;
				TARGETED_DEVICE_FAMILY = 1;
			};
			name = Release;
		};
		B51F5E49D4401091DE19C108 /* Release */ = {
			isa = XCBuildConfiguration;
			buildSettings = {
				BUNDLE_LOADER = "$(TEST_HOST)";
				GENERATE_INFOPLIST_FILE = NO;
				INFOPLIST_FILE = LiftTests/Info.plist;
				IPHONEOS_DEPLOYMENT_TARGET = 18.0;
				LD_RUNPATH_SEARCH_PATHS = (
					"$(inherited)",
					"@executable_path/Frameworks",
					"@loader_path/Frameworks",
				);
				PRODUCT_BUNDLE_IDENTIFIER = com.jurre.lift.tests;
				SDKROOT = iphoneos;
				SUPPORTED_PLATFORMS = "iphoneos iphonesimulator";
				SUPPORTS_MACCATALYST = NO;
				SUPPORTS_MAC_DESIGNED_FOR_IPHONE_IPAD = NO;
				SUPPORTS_XR_DESIGNED_FOR_IPHONE_IPAD = NO;
				SWIFT_STRICT_CONCURRENCY = complete;
				SWIFT_VERSION = 6.0;
				TARGETED_DEVICE_FAMILY = 1;
				TEST_HOST = "$(BUILT_PRODUCTS_DIR)/Lift.app/Lift";
			};
			name = Release;
		};
		E2035CDF0E30F16D43B78E06 /* Debug */ = {
			isa = XCBuildConfiguration;
			buildSettings = {
				BUNDLE_LOADER = "$(TEST_HOST)";
				GENERATE_INFOPLIST_FILE = NO;
				INFOPLIST_FILE = LiftUITests/Info.plist;
				IPHONEOS_DEPLOYMENT_TARGET = 18.0;
				LD_RUNPATH_SEARCH_PATHS = (
					"$(inherited)",
					"@executable_path/Frameworks",
					"@loader_path/Frameworks",
				);
				PRODUCT_BUNDLE_IDENTIFIER = com.jurre.lift.uitests;
				SDKROOT = iphoneos;
				SUPPORTED_PLATFORMS = "iphoneos iphonesimulator";
				SUPPORTS_MACCATALYST = NO;
				SUPPORTS_MAC_DESIGNED_FOR_IPHONE_IPAD = NO;
				SUPPORTS_XR_DESIGNED_FOR_IPHONE_IPAD = NO;
				SWIFT_STRICT_CONCURRENCY = complete;
				SWIFT_VERSION = 6.0;
				TARGETED_DEVICE_FAMILY = 1;
				TEST_TARGET_NAME = Lift;
			};
			name = Debug;
		};
		EBD2B8A8AC47907E2212FE96 /* Release */ = {
			isa = XCBuildConfiguration;
			buildSettings = {
				ASSETCATALOG_COMPILER_APPICON_NAME = AppIcon;
				CODE_SIGN_IDENTITY = "iPhone Developer";
				INFOPLIST_FILE = Lift/Info.plist;
				INFOPLIST_KEY_UISupportedInterfaceOrientations_iPhone = UIInterfaceOrientationPortrait;
				IPHONEOS_DEPLOYMENT_TARGET = 18.0;
				LD_RUNPATH_SEARCH_PATHS = (
					"$(inherited)",
					"@executable_path/Frameworks",
				);
				PRODUCT_BUNDLE_IDENTIFIER = com.jurre.lift;
				PRODUCT_NAME = Lift;
				SDKROOT = iphoneos;
				SUPPORTED_PLATFORMS = "iphoneos iphonesimulator";
				SUPPORTS_MACCATALYST = NO;
				SUPPORTS_MAC_DESIGNED_FOR_IPHONE_IPAD = NO;
				SUPPORTS_XR_DESIGNED_FOR_IPHONE_IPAD = NO;
				SWIFT_STRICT_CONCURRENCY = complete;
				SWIFT_VERSION = 6.0;
				TARGETED_DEVICE_FAMILY = 1;
			};
			name = Release;
		};
/* End XCBuildConfiguration section */

/* Begin XCConfigurationList section */
		8AE6B4CAC67DC9731B0799C8 /* Build configuration list for PBXNativeTarget "LiftUITests" */ = {
			isa = XCConfigurationList;
			buildConfigurations = (
				E2035CDF0E30F16D43B78E06 /* Debug */,
				3AD57D9F220F0638706270A0 /* Release */,
			);
			defaultConfigurationIsVisible = 0;
			defaultConfigurationName = Debug;
		};
		A16F62BB9110C0483E63F3A2 /* Build configuration list for PBXProject "Lift" */ = {
			isa = XCConfigurationList;
			buildConfigurations = (
				722C467BF3300F36432AF5CD /* Debug */,
				AAB27F215A6E1A47D983A956 /* Release */,
			);
			defaultConfigurationIsVisible = 0;
			defaultConfigurationName = Debug;
		};
		AD64F3A8E5B469EBD4ED5AE9 /* Build configuration list for PBXNativeTarget "Lift" */ = {
			isa = XCConfigurationList;
			buildConfigurations = (
				A50078EA0A7FFE7CB51AB78B /* Debug */,
				EBD2B8A8AC47907E2212FE96 /* Release */,
			);
			defaultConfigurationIsVisible = 0;
			defaultConfigurationName = Debug;
		};
		F64FE6928D455B778207B917 /* Build configuration list for PBXNativeTarget "LiftTests" */ = {
			isa = XCConfigurationList;
			buildConfigurations = (
				32386C5840B308442D80551E /* Debug */,
				B51F5E49D4401091DE19C108 /* Release */,
			);
			defaultConfigurationIsVisible = 0;
			defaultConfigurationName = Debug;
		};
/* End XCConfigurationList section */
	};
	rootObject = AB48DC20CF5F6A71818163A7 /* Project object */;
}
